
Microsoft Visual Studio Solution File, Format Version 12.00
# Visual Studio Version 17
VisualStudioVersion = 17.9.34622.214
MinimumVisualStudioVersion = 10.0.40219.1
Project("{FAE04EC0-301F-11D3-BF4B-00C04F79EFBC}") = "TCP_OMOK_Server", "TCP_OMOK_Server.csproj", "{E68D4B5A-905B-4396-864D-5254AA3F265F}"
EndProject
Project("{FAE04EC0-301F-11D3-BF4B-00C04F79EFBC}") = "TCP_OMOK_Client", "..\TCP_OMOK_Client\TCP_OMOK_Client.csproj", "{C77DEDB6-A010-457C-A89F-C7A54AC0BE43}"
EndProject
Project("{FAE04EC0-301F-11D3-BF4B-00C04F79EFBC}") = "Omok_Lib", "..\Omok_Lib\Omok_Lib.csproj", "{F8481835-F4F3-4ACA-BF4A-8677690FBD09}"
EndProject
Global
	GlobalSection(SolutionConfigurationPlatforms) = preSolution
		Debug|Any CPU = Debug|Any CPU
		Release|Any CPU = Release|Any CPU
	EndGlobalSection
	GlobalSection(ProjectConfigurationPlatforms) = postSolution
		{E68D4B5A-905B-4396-864D-5254AA3F265F}.Debug|Any CPU.ActiveCfg = Debug|Any CPU
		{E68D4B5A-905B-4396-864D-5254AA3F265F}.Debug|Any CPU.Build.0 = Debug|Any CPU
		{E68D4B5A-905B-4396-864D-5254AA3F265F}.Release|Any CPU.ActiveCfg = Release|Any CPU
		{E68D4B5A-905B-4396-864D-5254AA3F265F}.Release|Any CPU.Build.0 = Release|Any CPU
		{C77DEDB6-A010-457C-A89F-C7A54AC0BE43}.Debug|Any CPU.ActiveCfg = Debug|Any CPU
		{C77DEDB6-A010-457C-A89F-C7A54AC0BE43}.Debug|Any CPU.Build.0 = Debug|Any CPU
		{C77DEDB6-A010-457C-A89F-C7A54AC0BE43}.Release|Any CPU.ActiveCfg = Release|Any CPU
		{C77DEDB6-A010-457C-A89F-C7A54AC0BE43}.Release|Any CPU.Build.0 = Release|Any CPU
		{F8481835-F4F3-4ACA-BF4A-8677690FBD09}.Debug|Any CPU.ActiveCfg = Debug|Any CPU
		{F8481835-F4F3-4ACA-BF4A-8677690FBD09}.Debug|Any CPU.Build.0 = Debug|Any CPU
		{F8481835-F4F3-4ACA-BF4A-8677690FBD09}.Release|Any CPU.ActiveCfg = Release|Any CPU
		{F8481835-F4F3-4ACA-BF4A-8677690FBD09}.Release|Any CPU.Build.0 = Release|Any CPU
	EndGlobalSection
	GlobalSection(SolutionProperties) = preSolution
		HideSolutionNode = FALSE
	EndGlobalSection
	GlobalSection(ExtensibilityGlobals) = postSolution
		SolutionGuid = {3EBD3A7E-6983-4587-A30C-9069F1264903}
	EndGlobalSection
EndGlobal
